
Microsoft Visual Studio Solution File, Format Version 12.00
# Visual Studio 2015
Project("{FAE04EC0-301F-11D3-BF4B-00C04F79EFBC}") = "aaaaaaaaaaaa.Plugins", "aaaaaaaaaaaa.Plugins.csproj", "{767A7AE9-EA1F-2C11-7C83-7B59A927E94C}"
EndProject
Project("{FAE04EC0-301F-11D3-BF4B-00C04F79EFBC}") = "aaaaaaaaaaaa", "aaaaaaaaaaaa.csproj", "{0AE2CAB9-ACCA-C6AA-7715-9FDA922EA3CC}"
EndProject
Project("{FAE04EC0-301F-11D3-BF4B-00C04F79EFBC}") = "aaaaaaaaaaaa.Editor.Plugins", "aaaaaaaaaaaa.Editor.Plugins.csproj", "{9978E3B5-7F38-13B9-EA6A-43211EABAAB0}"
EndProject
Project("{FAE04EC0-301F-11D3-BF4B-00C04F79EFBC}") = "aaaaaaaaaaaa.Editor", "aaaaaaaaaaaa.Editor.csproj", "{7F738E96-1C04-CB56-0BA9-9FB08DCA80D2}"
EndProject
Global
	GlobalSection(SolutionConfigurationPlatforms) = preSolution
		Debug|Any CPU = Debug|Any CPU
		Release|Any CPU = Release|Any CPU
	EndGlobalSection
	GlobalSection(ProjectConfigurationPlatforms) = postSolution
		{767A7AE9-EA1F-2C11-7C83-7B59A927E94C}.Debug|Any CPU.ActiveCfg = Debug|Any CPU
		{767A7AE9-EA1F-2C11-7C83-7B59A927E94C}.Debug|Any CPU.Build.0 = Debug|Any CPU
		{767A7AE9-EA1F-2C11-7C83-7B59A927E94C}.Release|Any CPU.ActiveCfg = Release|Any CPU
		{767A7AE9-EA1F-2C11-7C83-7B59A927E94C}.Release|Any CPU.Build.0 = Release|Any CPU
		{0AE2CAB9-ACCA-C6AA-7715-9FDA922EA3CC}.Debug|Any CPU.ActiveCfg = Debug|Any CPU
		{0AE2CAB9-ACCA-C6AA-7715-9FDA922EA3CC}.Debug|Any CPU.Build.0 = Debug|Any CPU
		{0AE2CAB9-ACCA-C6AA-7715-9FDA922EA3CC}.Release|Any CPU.ActiveCfg = Release|Any CPU
		{0AE2CAB9-ACCA-C6AA-7715-9FDA922EA3CC}.Release|Any CPU.Build.0 = Release|Any CPU
		{9978E3B5-7F38-13B9-EA6A-43211EABAAB0}.Debug|Any CPU.ActiveCfg = Debug|Any CPU
		{9978E3B5-7F38-13B9-EA6A-43211EABAAB0}.Debug|Any CPU.Build.0 = Debug|Any CPU
		{9978E3B5-7F38-13B9-EA6A-43211EABAAB0}.Release|Any CPU.ActiveCfg = Release|Any CPU
		{9978E3B5-7F38-13B9-EA6A-43211EABAAB0}.Release|Any CPU.Build.0 = Release|Any CPU
		{7F738E96-1C04-CB56-0BA9-9FB08DCA80D2}.Debug|Any CPU.ActiveCfg = Debug|Any CPU
		{7F738E96-1C04-CB56-0BA9-9FB08DCA80D2}.Debug|Any CPU.Build.0 = Debug|Any CPU
		{7F738E96-1C04-CB56-0BA9-9FB08DCA80D2}.Release|Any CPU.ActiveCfg = Release|Any CPU
		{7F738E96-1C04-CB56-0BA9-9FB08DCA80D2}.Release|Any CPU.Build.0 = Release|Any CPU
	EndGlobalSection
	GlobalSection(SolutionProperties) = preSolution
		HideSolutionNode = FALSE
	EndGlobalSection
EndGlobal
